
Microsoft Visual Studio Solution File, Format Version 12.00
# Visual Studio Version 17
VisualStudioVersion = 17.6.33723.286
MinimumVisualStudioVersion = 10.0.40219.1
Project("{FAE04EC0-301F-11D3-BF4B-00C04F79EFBC}") = "Financeiro", "Financeiro\Financeiro.csproj", "{5F9FCB5E-1B8C-4BC1-8875-8E96226880D1}"
EndProject
Project("{FAE04EC0-301F-11D3-BF4B-00C04F79EFBC}") = "Domain", "Domain\Domain.csproj", "{17126F71-0FE7-4083-AD4E-3B00509F371B}"
EndProject
Project("{FAE04EC0-301F-11D3-BF4B-00C04F79EFBC}") = "Infra.Repository", "Infra.Repository\Infra.Repository.csproj", "{013D8699-9404-49F0-9F22-FCA4FBEF429D}"
EndProject
Global
	GlobalSection(SolutionConfigurationPlatforms) = preSolution
		Debug|Any CPU = Debug|Any CPU
		Release|Any CPU = Release|Any CPU
	EndGlobalSection
	GlobalSection(ProjectConfigurationPlatforms) = postSolution
		{5F9FCB5E-1B8C-4BC1-8875-8E96226880D1}.Debug|Any CPU.ActiveCfg = Debug|Any CPU
		{5F9FCB5E-1B8C-4BC1-8875-8E96226880D1}.Debug|Any CPU.Build.0 = Debug|Any CPU
		{5F9FCB5E-1B8C-4BC1-8875-8E96226880D1}.Release|Any CPU.ActiveCfg = Release|Any CPU
		{5F9FCB5E-1B8C-4BC1-8875-8E96226880D1}.Release|Any CPU.Build.0 = Release|Any CPU
		{17126F71-0FE7-4083-AD4E-3B00509F371B}.Debug|Any CPU.ActiveCfg = Debug|Any CPU
		{17126F71-0FE7-4083-AD4E-3B00509F371B}.Debug|Any CPU.Build.0 = Debug|Any CPU
		{17126F71-0FE7-4083-AD4E-3B00509F371B}.Release|Any CPU.ActiveCfg = Release|Any CPU
		{17126F71-0FE7-4083-AD4E-3B00509F371B}.Release|Any CPU.Build.0 = Release|Any CPU
		{013D8699-9404-49F0-9F22-FCA4FBEF429D}.Debug|Any CPU.ActiveCfg = Debug|Any CPU
		{013D8699-9404-49F0-9F22-FCA4FBEF429D}.Debug|Any CPU.Build.0 = Debug|Any CPU
		{013D8699-9404-49F0-9F22-FCA4FBEF429D}.Release|Any CPU.ActiveCfg = Release|Any CPU
		{013D8699-9404-49F0-9F22-FCA4FBEF429D}.Release|Any CPU.Build.0 = Release|Any CPU
	EndGlobalSection
	GlobalSection(SolutionProperties) = preSolution
		HideSolutionNode = FALSE
	EndGlobalSection
	GlobalSection(ExtensibilityGlobals) = postSolution
		SolutionGuid = {E84DC839-D790-40AA-A6AF-D64CA5E020FC}
	EndGlobalSection
EndGlobal
